github.com/abiosoft/readline v0.0.0-20180607040430-155bce2042db h1:CjPUSXOiYptLbTdr1RceuZgSFDQ7U15ITERUGrUORx8=
github.com/abiosoft/readline v0.0.0-20180607040430-155bce2042db/go.mod h1:rB3B4rKii8V21ydCbIzH5hZiCQE7f5E9SzUb/ZZx530=
github.com/chzyer/logex v1.1.10 h1:Swpa1K6QvQznwJRcfTfQJmTE72DqScAa40E+fbHEXEE=
github.com/chzyer/logex v1.1.10/go.mod h1:+Ywpsq7O8HXn0nuIou7OrIPyXbp3wmkHB+jjWRnGsAI=
github.com/chzyer/test v0.0.0-20180213035817-a1ea475d72b1 h1:q763qf9huN11kDQavWsoZXJNW3xEE4JJyHa5Q25/sd8=
github.com/chzyer/test v0.0.0-20180213035817-a1ea475d72b1/go.mod h1:Q3SI9o4m/ZMnBNeIyt5eFwwo7qiLfzFZmjNmxjkiQlU=
github.com/davecgh/go-spew v1.1.1 h1:vj9j/u1bqnvCEfJOwUhtlOARqs3+rkHYY13jYWTU97c=
github.com/davecgh/go-spew v1.1.1/go.mod h1:J7Y8YcW2NihsgmVo/mv3lAwl/skON4iLHjSsI+c5H38=
github.com/dolthub/maphash v0.1.0 h1:bsQ7JsF4FkkWyrP3oCnFJgrCUAFbFf3kOl4L/QxPDyQ=
github.com/dolthub/maphash v0.1.0/go.mod h1:gkg4Ch4CdCDu5h6PMriVLawB7koZ+5ijb9puGMV50a4=
github.com/google/uuid v1.6.0 h1:NIvaJDMOsjHA8n1jAhLSgzrAzy1Hgr+hNrb57e+94F0=
github.com/google/uuid v1.6.0/go.mod h1:TIyPZe4MgqvfeYDBFedMoGGpEw/LqOeaOT+nhxU+yHo=
github.com/mattn/go-runewidth v0.0.9 h1:Lm995f3rfxdpd6TSmuVCHVb/QhupuXlYr8sCI/QdE+0=
github.com/mattn/go-runewidth v0.0.9/go.mod h1:H031xJmbD/WCDINGzjvQ9THkh0rPKHF+m2gUSrubnMI=
github.com/nnsgmsone/gopher-lua v0.0.0-20240213115149-6ce1c9a355a4 h1:5YvMGWXE9Tlrp4kVeRWLx7y3Lkl8NRevftgqBDgD6FI=
github.com/nnsgmsone/gopher-lua v0.0.0-20240213115149-6ce1c9a355a4/go.mod h1:GBR0iDaNXjAgGg9zfCvksxSRnQx76gclCIb7kdAd1Pw=
github.com/nnsgmsone/wal v0.0.0-20231125105859-12d7164451e7 h1:v5RDL+p8ZuBmvlHE496F3XMzn3Ao9wvtACAvds5TQKM=
github.com/nnsgmsone/wal v0.0.0-20231125105859-12d7164451e7/go.mod h1:9LWJvFvdCjPgUY+FPA7MVhq3XbyJMKSt5akXqxIl984=
github.com/olekukonko/tablewriter v0.0.5 h1:P2Ga83D34wi1o9J6Wh1mRuqd4mF/x/lgBS7N7AbDhec=
github.com/olekukonko/tablewriter v0.0.5/go.mod h1:hPp6KlRPjbx+hW8ykQs1w3UBbZlj6HuIJcUGPhkA7kY=
github.com/pmezard/go-difflib v1.0.0 h1:4DBwDE0NGyQoBHbLQYPwSUPoCMWR5BEzIk/f1lZbAQM=
github.com/pmezard/go-difflib v1.0.0/go.mod h1:iKH77koFhYxTK1pcRnkKkqfTogsbg7gZNVY4sRDYZ/4=
github.com/stretchr/testify v1.8.4 h1:CcVxjf3Q8PM0mHUKJCdn+eZZtm5yQwehR5yeSVQQcUk=
github.com/stretchr/testify v1.8.4/go.mod h1:sz/lmYIOXD/1dqDmKjjqLyZ2RngseejIcXlSw2iwfAo=
golang.org/x/exp v0.0.0-20240205201215-2c58cdc269a3 h1:/RIbNt/Zr7rVhIkQhooTxCxFcdWLGIKnZA4IXNFSrvo=
golang.org/x/exp v0.0.0-20240205201215-2c58cdc269a3/go.mod h1:idGWGoKP1toJGkd5/ig9ZLuPcZBC3ewk7SzmH0uou08=
golang.org/x/sys v0.5.0 h1:MUK/U/4lj1t1oPg0HfuXDN/Z1wv31ZJ/YcPiGccS4DU=
golang.org/x/sys v0.5.0/go.mod h1:oPkhp1MJrh7nUepCBck5+mAzfO9JrbApNNgaTdGDITg=
golang.org/x/text v0.14.0 h1:ScX5w1eTa3QqT8oi6+ziP7dTV1S2+ALU0bI+0zXKWiQ=
golang.org/x/text v0.14.0/go.mod h1:18ZOQIKpY8NJVqYksKHtTdi31H5itFRjB5/qKTNYzSU=
gopkg.in/check.v1 v0.0.0-20161208181325-20d25e280405 h1:yhCVgyC4o1eVCa2tZl7eS0r+SDo693bJlVdllGtEeKM=
gopkg.in/check.v1 v0.0.0-20161208181325-20d25e280405/go.mod h1:Co6ibVJAznAaIkqp8huTwlJQCZ016jof/cbN4VW5Yz0=
gopkg.in/yaml.v3 v3.0.1 h1:fxVm/GzAzEWqLHuvctI91KS9hhNmmWOoWu0XTYJS7CA=
gopkg.in/yaml.v3 v3.0.1/go.mod h1:K4uyk7z7BCEPqu6E+C64Yfv1cQ7kz7rIZviUmN+EgEM=
